
Microsoft Visual Studio Solution File, Format Version 12.00
Project("{2150E333-8FDC-42A3-9474-1A3956D46DE8}") = "src", "src", "{831202F7-3157-43F0-BCC7-6EAD9F425975}"
EndProject
Project("{2150E333-8FDC-42A3-9474-1A3956D46DE8}") = "Todo.Domain", "Todo.Domain", "{A899C5E7-6AAA-42A7-9FF1-CBF9CEDF77F0}"
EndProject
Project("{FAE04EC0-301F-11D3-BF4B-00C04F79EFBC}") = "Todo.Domain", "Todo.Domain\Todo.Domain.csproj", "{3451066C-EC8E-4BB3-BC7D-EEF384891BBA}"
EndProject
Project("{2150E333-8FDC-42A3-9474-1A3956D46DE8}") = "Todo.Infra.Data", "Todo.Infra.Data", "{B2EA3E04-ED2F-48D2-9091-8B919678119A}"
EndProject
Project("{FAE04EC0-301F-11D3-BF4B-00C04F79EFBC}") = "Todo.Infra.Data", "Todo.Infra.Data\Todo.Infra.Data.csproj", "{7D411CFB-334F-40B7-AB1F-8A64577B418D}"
EndProject
Project("{2150E333-8FDC-42A3-9474-1A3956D46DE8}") = "Todo.Application", "Todo.Application", "{F114C5A6-EDEA-4923-AE6A-A192116D73E2}"
EndProject
Project("{2150E333-8FDC-42A3-9474-1A3956D46DE8}") = "Todo.API", "Todo.API", "{DC4390CC-192F-4898-B138-4F7DE4F5EA0F}"
EndProject
Project("{FAE04EC0-301F-11D3-BF4B-00C04F79EFBC}") = "Todo.API", "Todo.API\Todo.API.csproj", "{B43D7325-7D9A-4002-9B3A-D9EDD6B20951}"
EndProject
Global
	GlobalSection(SolutionConfigurationPlatforms) = preSolution
		Debug|Any CPU = Debug|Any CPU
		Release|Any CPU = Release|Any CPU
	EndGlobalSection
	GlobalSection(NestedProjects) = preSolution
		{A899C5E7-6AAA-42A7-9FF1-CBF9CEDF77F0} = {831202F7-3157-43F0-BCC7-6EAD9F425975}
		{3451066C-EC8E-4BB3-BC7D-EEF384891BBA} = {A899C5E7-6AAA-42A7-9FF1-CBF9CEDF77F0}
		{B2EA3E04-ED2F-48D2-9091-8B919678119A} = {831202F7-3157-43F0-BCC7-6EAD9F425975}
		{7D411CFB-334F-40B7-AB1F-8A64577B418D} = {B2EA3E04-ED2F-48D2-9091-8B919678119A}
		{F114C5A6-EDEA-4923-AE6A-A192116D73E2} = {831202F7-3157-43F0-BCC7-6EAD9F425975}
		{DC4390CC-192F-4898-B138-4F7DE4F5EA0F} = {831202F7-3157-43F0-BCC7-6EAD9F425975}
		{B43D7325-7D9A-4002-9B3A-D9EDD6B20951} = {DC4390CC-192F-4898-B138-4F7DE4F5EA0F}
	EndGlobalSection
	GlobalSection(ProjectConfigurationPlatforms) = postSolution
		{3451066C-EC8E-4BB3-BC7D-EEF384891BBA}.Debug|Any CPU.ActiveCfg = Debug|Any CPU
		{3451066C-EC8E-4BB3-BC7D-EEF384891BBA}.Debug|Any CPU.Build.0 = Debug|Any CPU
		{3451066C-EC8E-4BB3-BC7D-EEF384891BBA}.Release|Any CPU.ActiveCfg = Release|Any CPU
		{3451066C-EC8E-4BB3-BC7D-EEF384891BBA}.Release|Any CPU.Build.0 = Release|Any CPU
		{7D411CFB-334F-40B7-AB1F-8A64577B418D}.Debug|Any CPU.ActiveCfg = Debug|Any CPU
		{7D411CFB-334F-40B7-AB1F-8A64577B418D}.Debug|Any CPU.Build.0 = Debug|Any CPU
		{7D411CFB-334F-40B7-AB1F-8A64577B418D}.Release|Any CPU.ActiveCfg = Release|Any CPU
		{7D411CFB-334F-40B7-AB1F-8A64577B418D}.Release|Any CPU.Build.0 = Release|Any CPU
		{B43D7325-7D9A-4002-9B3A-D9EDD6B20951}.Debug|Any CPU.ActiveCfg = Debug|Any CPU
		{B43D7325-7D9A-4002-9B3A-D9EDD6B20951}.Debug|Any CPU.Build.0 = Debug|Any CPU
		{B43D7325-7D9A-4002-9B3A-D9EDD6B20951}.Release|Any CPU.ActiveCfg = Release|Any CPU
		{B43D7325-7D9A-4002-9B3A-D9EDD6B20951}.Release|Any CPU.Build.0 = Release|Any CPU
	EndGlobalSection
EndGlobal
